
Microsoft Visual Studio Solution File, Format Version 12.00
# Visual Studio Version 17
VisualStudioVersion = 17.7.34031.279
MinimumVisualStudioVersion = 10.0.40219.1
Project("{2150E333-8FDC-42A3-9474-1A3956D46DE8}") = "Solution Items", "Solution Items", "{80ED8CC8-6CE7-B51A-5554-4C2B41ED1B87}"
	ProjectSection(SolutionItems) = preProject
		.editorconfig = .editorconfig
	EndProjectSection
EndProject
Project("{2150E333-8FDC-42A3-9474-1A3956D46DE8}") = "Tools", "Tools", "{DD376B17-49ED-E30C-D2E1-DDE33E96DA10}"
EndProject
Project("{8BC9CEB8-8B4A-11D0-8D11-00A0C91BC942}") = "Sapphire-Editor", "Sapphire-Editor\Sapphire-Editor.vcxproj", "{B5DC503C-2168-BE00-2A79-41F596831A01}"
EndProject
Project("{2150E333-8FDC-42A3-9474-1A3956D46DE8}") = "Core", "Core", "{15A0C35D-0158-05AB-6A5F-DE065636A09B}"
EndProject
Project("{8BC9CEB8-8B4A-11D0-8D11-00A0C91BC942}") = "Crystal", "Crystal\Crystal.vcxproj", "{873AF83B-F319-77D7-FC31-02AE6890DD38}"
EndProject
Project("{FAE04EC0-301F-11D3-BF4B-00C04F79EFBC}") = "Crystal-ScriptCore", "Crystal-ScriptCore\Crystal-ScriptCore.csproj", "{9212DE66-7EF6-9EBC-E756-990FD359893E}"
EndProject
Project("{2150E333-8FDC-42A3-9474-1A3956D46DE8}") = "Dependencies", "Dependencies", "{53E47842-3FC8-3998-A828-34EB942B241A}"
EndProject
Project("{8BC9CEB8-8B4A-11D0-8D11-00A0C91BC942}") = "Box2D", "Crystal\vendor\Box2D\Box2D.vcxproj", "{A434E80C-1049-10BE-D9CA-B31D459E0CEF}"
EndProject
Project("{8BC9CEB8-8B4A-11D0-8D11-00A0C91BC942}") = "GLFW", "Crystal\vendor\GLFW\GLFW.vcxproj", "{154B857C-0182-860D-AA6E-6C109684020F}"
EndProject
Project("{8BC9CEB8-8B4A-11D0-8D11-00A0C91BC942}") = "Glad", "Crystal\vendor\Glad\Glad.vcxproj", "{BDD6857C-A90D-870D-52FA-6C103E10030F}"
EndProject
Project("{8BC9CEB8-8B4A-11D0-8D11-00A0C91BC942}") = "ImGui", "Crystal\vendor\imgui\ImGui.vcxproj", "{C0FF640D-2C14-8DBE-F595-301E616989EF}"
EndProject
Project("{8BC9CEB8-8B4A-11D0-8D11-00A0C91BC942}") = "Premake", "vendor\premake\Premake.vcxproj", "{6ACC3F23-D6AB-BEBE-DFC3-49954B222520}"
EndProject
Project("{8BC9CEB8-8B4A-11D0-8D11-00A0C91BC942}") = "freetype", "Crystal\vendor\msdf-atlas-gen\msdfgen\freetype\freetype.vcxproj", "{89895BD8-7556-B6E3-9E6F-A48B8A9BEB71}"
EndProject
Project("{8BC9CEB8-8B4A-11D0-8D11-00A0C91BC942}") = "msdf-atlas-gen", "Crystal\vendor\msdf-atlas-gen\msdf-atlas-gen.vcxproj", "{38BD587B-248B-4C81-0D1F-BDA7F98B28E6}"
EndProject
Project("{8BC9CEB8-8B4A-11D0-8D11-00A0C91BC942}") = "msdfgen", "Crystal\vendor\msdf-atlas-gen\msdfgen\msdfgen.vcxproj", "{8900D8DD-F5DF-5679-FEF7-E14F6A56BDDA}"
EndProject
Project("{8BC9CEB8-8B4A-11D0-8D11-00A0C91BC942}") = "yaml-cpp", "Crystal\vendor\yaml\yaml-cpp.vcxproj", "{88F1A057-74BE-FB62-9DD7-E90A890331F1}"
EndProject
Project("{2150E333-8FDC-42A3-9474-1A3956D46DE8}") = "Misc", "Misc", "{7802C95D-64BA-0AAB-CDC1-E306B998A59B}"
EndProject
Project("{8BC9CEB8-8B4A-11D0-8D11-00A0C91BC942}") = "Sandbox", "Sandbox\Sandbox.vcxproj", "{F4C124E3-60A1-A37E-69B9-2E55D5170AE0}"
EndProject
Project("{8BC9CEB8-8B4A-11D0-8D11-00A0C91BC942}") = "Crystal-Launcher", "CrystalLauncher\CrystalLauncher.vcxproj", "{737AAC4A-5A72-4B90-97C3-2BCCB2B4EEE4}"
EndProject
Global
	GlobalSection(SolutionConfigurationPlatforms) = preSolution
		Debug|x64 = Debug|x64
		Dist|x64 = Dist|x64
		Release|x64 = Release|x64
	EndGlobalSection
	GlobalSection(ProjectConfigurationPlatforms) = postSolution
		{B5DC503C-2168-BE00-2A79-41F596831A01}.Debug|x64.ActiveCfg = Debug|x64
		{B5DC503C-2168-BE00-2A79-41F596831A01}.Debug|x64.Build.0 = Debug|x64
		{B5DC503C-2168-BE00-2A79-41F596831A01}.Dist|x64.ActiveCfg = Dist|x64
		{B5DC503C-2168-BE00-2A79-41F596831A01}.Dist|x64.Build.0 = Dist|x64
		{B5DC503C-2168-BE00-2A79-41F596831A01}.Release|x64.ActiveCfg = Release|x64
		{B5DC503C-2168-BE00-2A79-41F596831A01}.Release|x64.Build.0 = Release|x64
		{873AF83B-F319-77D7-FC31-02AE6890DD38}.Debug|x64.ActiveCfg = Debug|x64
		{873AF83B-F319-77D7-FC31-02AE6890DD38}.Debug|x64.Build.0 = Debug|x64
		{873AF83B-F319-77D7-FC31-02AE6890DD38}.Dist|x64.ActiveCfg = Dist|x64
		{873AF83B-F319-77D7-FC31-02AE6890DD38}.Dist|x64.Build.0 = Dist|x64
		{873AF83B-F319-77D7-FC31-02AE6890DD38}.Release|x64.ActiveCfg = Release|x64
		{873AF83B-F319-77D7-FC31-02AE6890DD38}.Release|x64.Build.0 = Release|x64
		{9212DE66-7EF6-9EBC-E756-990FD359893E}.Debug|x64.ActiveCfg = Debug|x64
		{9212DE66-7EF6-9EBC-E756-990FD359893E}.Debug|x64.Build.0 = Debug|x64
		{9212DE66-7EF6-9EBC-E756-990FD359893E}.Dist|x64.ActiveCfg = Dist|x64
		{9212DE66-7EF6-9EBC-E756-990FD359893E}.Dist|x64.Build.0 = Dist|x64
		{9212DE66-7EF6-9EBC-E756-990FD359893E}.Release|x64.ActiveCfg = Release|x64
		{9212DE66-7EF6-9EBC-E756-990FD359893E}.Release|x64.Build.0 = Release|x64
		{A434E80C-1049-10BE-D9CA-B31D459E0CEF}.Debug|x64.ActiveCfg = Debug|x64
		{A434E80C-1049-10BE-D9CA-B31D459E0CEF}.Debug|x64.Build.0 = Debug|x64
		{A434E80C-1049-10BE-D9CA-B31D459E0CEF}.Dist|x64.ActiveCfg = Dist|x64
		{A434E80C-1049-10BE-D9CA-B31D459E0CEF}.Dist|x64.Build.0 = Dist|x64
		{A434E80C-1049-10BE-D9CA-B31D459E0CEF}.Release|x64.ActiveCfg = Release|x64
		{A434E80C-1049-10BE-D9CA-B31D459E0CEF}.Release|x64.Build.0 = Release|x64
		{154B857C-0182-860D-AA6E-6C109684020F}.Debug|x64.ActiveCfg = Debug|x64
		{154B857C-0182-860D-AA6E-6C109684020F}.Debug|x64.Build.0 = Debug|x64
		{154B857C-0182-860D-AA6E-6C109684020F}.Dist|x64.ActiveCfg = Dist|x64
		{154B857C-0182-860D-AA6E-6C109684020F}.Dist|x64.Build.0 = Dist|x64
		{154B857C-0182-860D-AA6E-6C109684020F}.Release|x64.ActiveCfg = Release|x64
		{154B857C-0182-860D-AA6E-6C109684020F}.Release|x64.Build.0 = Release|x64
		{BDD6857C-A90D-870D-52FA-6C103E10030F}.Debug|x64.ActiveCfg = Debug|x64
		{BDD6857C-A90D-870D-52FA-6C103E10030F}.Debug|x64.Build.0 = Debug|x64
		{BDD6857C-A90D-870D-52FA-6C103E10030F}.Dist|x64.ActiveCfg = Dist|x64
		{BDD6857C-A90D-870D-52FA-6C103E10030F}.Dist|x64.Build.0 = Dist|x64
		{BDD6857C-A90D-870D-52FA-6C103E10030F}.Release|x64.ActiveCfg = Release|x64
		{BDD6857C-A90D-870D-52FA-6C103E10030F}.Release|x64.Build.0 = Release|x64
		{C0FF640D-2C14-8DBE-F595-301E616989EF}.Debug|x64.ActiveCfg = Debug|x64
		{C0FF640D-2C14-8DBE-F595-301E616989EF}.Debug|x64.Build.0 = Debug|x64
		{C0FF640D-2C14-8DBE-F595-301E616989EF}.Dist|x64.ActiveCfg = Dist|x64
		{C0FF640D-2C14-8DBE-F595-301E616989EF}.Dist|x64.Build.0 = Dist|x64
		{C0FF640D-2C14-8DBE-F595-301E616989EF}.Release|x64.ActiveCfg = Release|x64
		{C0FF640D-2C14-8DBE-F595-301E616989EF}.Release|x64.Build.0 = Release|x64
		{6ACC3F23-D6AB-BEBE-DFC3-49954B222520}.Debug|x64.ActiveCfg = Debug|x64
		{6ACC3F23-D6AB-BEBE-DFC3-49954B222520}.Debug|x64.Build.0 = Debug|x64
		{6ACC3F23-D6AB-BEBE-DFC3-49954B222520}.Dist|x64.ActiveCfg = Dist|x64
		{6ACC3F23-D6AB-BEBE-DFC3-49954B222520}.Dist|x64.Build.0 = Dist|x64
		{6ACC3F23-D6AB-BEBE-DFC3-49954B222520}.Release|x64.ActiveCfg = Release|x64
		{6ACC3F23-D6AB-BEBE-DFC3-49954B222520}.Release|x64.Build.0 = Release|x64
		{89895BD8-7556-B6E3-9E6F-A48B8A9BEB71}.Debug|x64.ActiveCfg = Debug|x64
		{89895BD8-7556-B6E3-9E6F-A48B8A9BEB71}.Debug|x64.Build.0 = Debug|x64
		{89895BD8-7556-B6E3-9E6F-A48B8A9BEB71}.Dist|x64.ActiveCfg = Dist|x64
		{89895BD8-7556-B6E3-9E6F-A48B8A9BEB71}.Dist|x64.Build.0 = Dist|x64
		{89895BD8-7556-B6E3-9E6F-A48B8A9BEB71}.Release|x64.ActiveCfg = Release|x64
		{89895BD8-7556-B6E3-9E6F-A48B8A9BEB71}.Release|x64.Build.0 = Release|x64
		{38BD587B-248B-4C81-0D1F-BDA7F98B28E6}.Debug|x64.ActiveCfg = Debug|x64
		{38BD587B-248B-4C81-0D1F-BDA7F98B28E6}.Debug|x64.Build.0 = Debug|x64
		{38BD587B-248B-4C81-0D1F-BDA7F98B28E6}.Dist|x64.ActiveCfg = Dist|x64
		{38BD587B-248B-4C81-0D1F-BDA7F98B28E6}.Dist|x64.Build.0 = Dist|x64
		{38BD587B-248B-4C81-0D1F-BDA7F98B28E6}.Release|x64.ActiveCfg = Release|x64
		{38BD587B-248B-4C81-0D1F-BDA7F98B28E6}.Release|x64.Build.0 = Release|x64
		{8900D8DD-F5DF-5679-FEF7-E14F6A56BDDA}.Debug|x64.ActiveCfg = Debug|x64
		{8900D8DD-F5DF-5679-FEF7-E14F6A56BDDA}.Debug|x64.Build.0 = Debug|x64
		{8900D8DD-F5DF-5679-FEF7-E14F6A56BDDA}.Dist|x64.ActiveCfg = Dist|x64
		{8900D8DD-F5DF-5679-FEF7-E14F6A56BDDA}.Dist|x64.Build.0 = Dist|x64
		{8900D8DD-F5DF-5679-FEF7-E14F6A56BDDA}.Release|x64.ActiveCfg = Release|x64
		{8900D8DD-F5DF-5679-FEF7-E14F6A56BDDA}.Release|x64.Build.0 = Release|x64
		{88F1A057-74BE-FB62-9DD7-E90A890331F1}.Debug|x64.ActiveCfg = Debug|x64
		{88F1A057-74BE-FB62-9DD7-E90A890331F1}.Debug|x64.Build.0 = Debug|x64
		{88F1A057-74BE-FB62-9DD7-E90A890331F1}.Dist|x64.ActiveCfg = Dist|x64
		{88F1A057-74BE-FB62-9DD7-E90A890331F1}.Dist|x64.Build.0 = Dist|x64
		{88F1A057-74BE-FB62-9DD7-E90A890331F1}.Release|x64.ActiveCfg = Release|x64
		{88F1A057-74BE-FB62-9DD7-E90A890331F1}.Release|x64.Build.0 = Release|x64
		{F4C124E3-60A1-A37E-69B9-2E55D5170AE0}.Debug|x64.ActiveCfg = Debug|x64
		{F4C124E3-60A1-A37E-69B9-2E55D5170AE0}.Debug|x64.Build.0 = Debug|x64
		{F4C124E3-60A1-A37E-69B9-2E55D5170AE0}.Dist|x64.ActiveCfg = Dist|x64
		{F4C124E3-60A1-A37E-69B9-2E55D5170AE0}.Dist|x64.Build.0 = Dist|x64
		{F4C124E3-60A1-A37E-69B9-2E55D5170AE0}.Release|x64.ActiveCfg = Release|x64
		{F4C124E3-60A1-A37E-69B9-2E55D5170AE0}.Release|x64.Build.0 = Release|x64
		{737AAC4A-5A72-4B90-97C3-2BCCB2B4EEE4}.Debug|x64.ActiveCfg = Debug|x64
		{737AAC4A-5A72-4B90-97C3-2BCCB2B4EEE4}.Debug|x64.Build.0 = Debug|x64
		{737AAC4A-5A72-4B90-97C3-2BCCB2B4EEE4}.Dist|x64.ActiveCfg = Debug|x64
		{737AAC4A-5A72-4B90-97C3-2BCCB2B4EEE4}.Dist|x64.Build.0 = Debug|x64
		{737AAC4A-5A72-4B90-97C3-2BCCB2B4EEE4}.Release|x64.ActiveCfg = Release|x64
		{737AAC4A-5A72-4B90-97C3-2BCCB2B4EEE4}.Release|x64.Build.0 = Release|x64
	EndGlobalSection
	GlobalSection(SolutionProperties) = preSolution
		HideSolutionNode = FALSE
	EndGlobalSection
	GlobalSection(NestedProjects) = preSolution
		{B5DC503C-2168-BE00-2A79-41F596831A01} = {DD376B17-49ED-E30C-D2E1-DDE33E96DA10}
		{873AF83B-F319-77D7-FC31-02AE6890DD38} = {15A0C35D-0158-05AB-6A5F-DE065636A09B}
		{9212DE66-7EF6-9EBC-E756-990FD359893E} = {15A0C35D-0158-05AB-6A5F-DE065636A09B}
		{A434E80C-1049-10BE-D9CA-B31D459E0CEF} = {53E47842-3FC8-3998-A828-34EB942B241A}
		{154B857C-0182-860D-AA6E-6C109684020F} = {53E47842-3FC8-3998-A828-34EB942B241A}
		{BDD6857C-A90D-870D-52FA-6C103E10030F} = {53E47842-3FC8-3998-A828-34EB942B241A}
		{C0FF640D-2C14-8DBE-F595-301E616989EF} = {53E47842-3FC8-3998-A828-34EB942B241A}
		{6ACC3F23-D6AB-BEBE-DFC3-49954B222520} = {53E47842-3FC8-3998-A828-34EB942B241A}
		{89895BD8-7556-B6E3-9E6F-A48B8A9BEB71} = {53E47842-3FC8-3998-A828-34EB942B241A}
		{38BD587B-248B-4C81-0D1F-BDA7F98B28E6} = {53E47842-3FC8-3998-A828-34EB942B241A}
		{8900D8DD-F5DF-5679-FEF7-E14F6A56BDDA} = {53E47842-3FC8-3998-A828-34EB942B241A}
		{88F1A057-74BE-FB62-9DD7-E90A890331F1} = {53E47842-3FC8-3998-A828-34EB942B241A}
		{F4C124E3-60A1-A37E-69B9-2E55D5170AE0} = {7802C95D-64BA-0AAB-CDC1-E306B998A59B}
		{737AAC4A-5A72-4B90-97C3-2BCCB2B4EEE4} = {DD376B17-49ED-E30C-D2E1-DDE33E96DA10}
	EndGlobalSection
EndGlobal
